# This file is automatically @generated by Cargo.
# It is not intended for manual editing.
version = 4

[[package]]
name = "agentheart-adapters"
version = "1.0.1"
dependencies = [
 "agentheart-core",
]

[[package]]
name = "agentheart-core"
version = "1.0.1"

[[package]]
name = "agentheart-sdk"
version = "1.0.1"
dependencies = [
 "agentheart-core",
]
